
Microsoft Visual Studio Solution File, Format Version 12.00
# Visual Studio Version 17
VisualStudioVersion = 17.5.33424.131
MinimumVisualStudioVersion = 10.0.40219.1
Project("{FAE04EC0-301F-11D3-BF4B-00C04F79EFBC}") = "GitApp1.Android", "GitApp1.Android\GitApp1.Android.csproj", "{2492B495-E023-424F-BF8D-5F8EADA3D34F}"
EndProject
Project("{FAE04EC0-301F-11D3-BF4B-00C04F79EFBC}") = "GitApp1", "GitApp1\GitApp1.csproj", "{E4AFFC6F-07A4-43B8-89E2-479B058764C2}"
EndProject
Global
	GlobalSection(SolutionConfigurationPlatforms) = preSolution
		Debug|Any CPU = Debug|Any CPU
		Release|Any CPU = Release|Any CPU
	EndGlobalSection
	GlobalSection(ProjectConfigurationPlatforms) = postSolution
		{2492B495-E023-424F-BF8D-5F8EADA3D34F}.Debug|Any CPU.ActiveCfg = Debug|Any CPU
		{2492B495-E023-424F-BF8D-5F8EADA3D34F}.Debug|Any CPU.Build.0 = Debug|Any CPU
		{2492B495-E023-424F-BF8D-5F8EADA3D34F}.Debug|Any CPU.Deploy.0 = Debug|Any CPU
		{2492B495-E023-424F-BF8D-5F8EADA3D34F}.Release|Any CPU.ActiveCfg = Release|Any CPU
		{2492B495-E023-424F-BF8D-5F8EADA3D34F}.Release|Any CPU.Build.0 = Release|Any CPU
		{2492B495-E023-424F-BF8D-5F8EADA3D34F}.Release|Any CPU.Deploy.0 = Release|Any CPU
		{E4AFFC6F-07A4-43B8-89E2-479B058764C2}.Debug|Any CPU.ActiveCfg = Debug|Any CPU
		{E4AFFC6F-07A4-43B8-89E2-479B058764C2}.Debug|Any CPU.Build.0 = Debug|Any CPU
		{E4AFFC6F-07A4-43B8-89E2-479B058764C2}.Debug|Any CPU.Deploy.0 = Debug|Any CPU
		{E4AFFC6F-07A4-43B8-89E2-479B058764C2}.Release|Any CPU.ActiveCfg = Release|Any CPU
		{E4AFFC6F-07A4-43B8-89E2-479B058764C2}.Release|Any CPU.Build.0 = Release|Any CPU
		{E4AFFC6F-07A4-43B8-89E2-479B058764C2}.Release|Any CPU.Deploy.0 = Release|Any CPU
	EndGlobalSection
	GlobalSection(SolutionProperties) = preSolution
		HideSolutionNode = FALSE
	EndGlobalSection
	GlobalSection(ExtensibilityGlobals) = postSolution
		SolutionGuid = {2DC98FD5-997B-49B6-9B31-9EC1C1770B75}
	EndGlobalSection
EndGlobal
